// !$*UTF8*$!
{
	archiveVersion = 1;
	classes = {
	};
	objectVersion = 60;
	objects = {

/* Begin PBXBuildFile section */
		1D6D71302C6D6B0300E3129A /* QuakesApp.swift in Sources */ = {isa = PBXBuildFile; fileRef = 1D6D712F2C6D6B0300E3129A /* QuakesApp.swift */; };
		1DCA65D32C6D91C500BCDE08 /* ImmutableData in Frameworks */ = {isa = PBXBuildFile; productRef = 1DCA65D22C6D91C500BCDE08 /* ImmutableData */; };
		1DCA65D62C6D91CD00BCDE08 /* ImmutableUI in Frameworks */ = {isa = PBXBuildFile; productRef = 1DCA65D52C6D91CD00BCDE08 /* ImmutableUI */; };
		1DCA65D92C6D91D700BCDE08 /* QuakesData in Frameworks */ = {isa = PBXBuildFile; productRef = 1DCA65D82C6D91D700BCDE08 /* QuakesData */; };
		1DCA65DC2C6D91ED00BCDE08 /* QuakesUI in Frameworks */ = {isa = PBXBuildFile; productRef = 1DCA65DB2C6D91ED00BCDE08 /* QuakesUI */; };
		1DCA65DF2C6D91FE00BCDE08 /* Services in Frameworks */ = {isa = PBXBuildFile; productRef = 1DCA65DE2C6D91FE00BCDE08 /* Services */; };
/* End PBXBuildFile section */

/* Begin PBXFileReference section */
		1D6D712C2C6D6B0300E3129A /* Quakes.app */ = {isa = PBXFileReference; explicitFileType = wrapper.application; includeInIndex = 0; path = Quakes.app; sourceTree = BUILT_PRODUCTS_DIR; };
		1D6D712F2C6D6B0300E3129A /* QuakesApp.swift */ = {isa = PBXFileReference; lastKnownFileType = sourcecode.swift; path = QuakesApp.swift; sourceTree = "<group>"; };
		1DCA65BB2C6D89B800BCDE08 /* Quakes.entitlements */ = {isa = PBXFileReference; lastKnownFileType = text.plist.entitlements; path = Quakes.entitlements; sourceTree = "<group>"; };
/* End PBXFileReference section */

/* Begin PBXFrameworksBuildPhase section */
		1D6D71292C6D6B0300E3129A /* Frameworks */ = {
			isa = PBXFrameworksBuildPhase;
			buildActionMask = 2147483647;
			files = (
				1DCA65DF2C6D91FE00BCDE08 /* Services in Frameworks */,
				1DCA65DC2C6D91ED00BCDE08 /* QuakesUI in Frameworks */,
				1DCA65D92C6D91D700BCDE08 /* QuakesData in Frameworks */,
				1DCA65D32C6D91C500BCDE08 /* ImmutableData in Frameworks */,
				1DCA65D62C6D91CD00BCDE08 /* ImmutableUI in Frameworks */,
			);
			runOnlyForDeploymentPostprocessing = 0;
		};
/* End PBXFrameworksBuildPhase section */

/* Begin PBXGroup section */
		1D6D71232C6D6B0300E3129A = {
			isa = PBXGroup;
			children = (
				1D6D712E2C6D6B0300E3129A /* Quakes */,
				1D6D712D2C6D6B0300E3129A /* Products */,
			);
			sourceTree = "<group>";
		};
		1D6D712D2C6D6B0300E3129A /* Products */ = {
			isa = PBXGroup;
			children = (
				1D6D712C2C6D6B0300E3129A /* Quakes.app */,
			);
			name = Products;
			sourceTree = "<group>";
		};
		1D6D712E2C6D6B0300E3129A /* Quakes */ = {
			isa = PBXGroup;
			children = (
				1DCA65BB2C6D89B800BCDE08 /* Quakes.entitlements */,
				1D6D712F2C6D6B0300E3129A /* QuakesApp.swift */,
			);
			path = Quakes;
			sourceTree = "<group>";
		};
/* End PBXGroup section */

/* Begin PBXNativeTarget section */
		1D6D712B2C6D6B0300E3129A /* Quakes */ = {
			isa = PBXNativeTarget;
			buildConfigurationList = 1D6D713B2C6D6B0400E3129A /* Build configuration list for PBXNativeTarget "Quakes" */;
			buildPhases = (
				1D6D71282C6D6B0300E3129A /* Sources */,
				1D6D71292C6D6B0300E3129A /* Frameworks */,
				1D6D712A2C6D6B0300E3129A /* Resources */,
			);
			buildRules = (
			);
			dependencies = (
			);
			name = Quakes;
			packageProductDependencies = (
				1DCA65D22C6D91C500BCDE08 /* ImmutableData */,
				1DCA65D52C6D91CD00BCDE08 /* ImmutableUI */,
				1DCA65D82C6D91D700BCDE08 /* QuakesData */,
				1DCA65DB2C6D91ED00BCDE08 /* QuakesUI */,
				1DCA65DE2C6D91FE00BCDE08 /* Services */,
			);
			productName = Quakes;
			productReference = 1D6D712C2C6D6B0300E3129A /* Quakes.app */;
			productType = "com.apple.product-type.application";
		};
/* End PBXNativeTarget section */

/* Begin PBXProject section */
		1D6D71242C6D6B0300E3129A /* Project object */ = {
			isa = PBXProject;
			attributes = {
				BuildIndependentTargetsInParallel = 1;
				LastSwiftUpdateCheck = 1540;
				LastUpgradeCheck = 1620;
				TargetAttributes = {
					1D6D712B2C6D6B0300E3129A = {
						CreatedOnToolsVersion = 15.4;
					};
				};
			};
			buildConfigurationList = 1D6D71272C6D6B0300E3129A /* Build configuration list for PBXProject "Quakes" */;
			compatibilityVersion = "Xcode 14.0";
			developmentRegion = en;
			hasScannedForEncodings = 0;
			knownRegions = (
				en,
				Base,
			);
			mainGroup = 1D6D71232C6D6B0300E3129A;
			packageReferences = (
				1DCA65D12C6D91C500BCDE08 /* XCLocalSwiftPackageReference "../ImmutableData" */,
				1DCA65D42C6D91CD00BCDE08 /* XCLocalSwiftPackageReference "../ImmutableUI" */,
				1DCA65D72C6D91D700BCDE08 /* XCLocalSwiftPackageReference "../QuakesData" */,
				1DCA65DA2C6D91ED00BCDE08 /* XCLocalSwiftPackageReference "../QuakesUI" */,
				1DCA65DD2C6D91FE00BCDE08 /* XCLocalSwiftPackageReference "../Services" */,
			);
			productRefGroup = 1D6D712D2C6D6B0300E3129A /* Products */;
			projectDirPath = "";
			projectRoot = "";
			targets = (
				1D6D712B2C6D6B0300E3129A /* Quakes */,
			);
		};
/* End PBXProject section */

/* Begin PBXResourcesBuildPhase section */
		1D6D712A2C6D6B0300E3129A /* Resources */ = {
			isa = PBXResourcesBuildPhase;
			buildActionMask = 2147483647;
			files = (
			);
			runOnlyForDeploymentPostprocessing = 0;
		};
/* End PBXResourcesBuildPhase section */

/* Begin PBXSourcesBuildPhase section */
		1D6D71282C6D6B0300E3129A /* Sources */ = {
			isa = PBXSourcesBuildPhase;
			buildActionMask = 2147483647;
			files = (
				1D6D71302C6D6B0300E3129A /* QuakesApp.swift in Sources */,
			);
			runOnlyForDeploymentPostprocessing = 0;
		};
/* End PBXSourcesBuildPhase section */

/* Begin XCBuildConfiguration section */
		1D6D71392C6D6B0400E3129A /* Debug */ = {
			isa = XCBuildConfiguration;
			buildSettings = {
				ALWAYS_SEARCH_USER_PATHS = NO;
				ASSETCATALOG_COMPILER_GENERATE_SWIFT_ASSET_SYMBOL_EXTENSIONS = YES;
				CLANG_ANALYZER_NONNULL = YES;
				CLANG_ANALYZER_NUMBER_OBJECT_CONVERSION = YES_AGGRESSIVE;
				CLANG_CXX_LANGUAGE_STANDARD = "gnu++20";
				CLANG_ENABLE_MODULES = YES;
				CLANG_ENABLE_OBJC_ARC = YES;
				CLANG_ENABLE_OBJC_WEAK = YES;
				CLANG_WARN_BLOCK_CAPTURE_AUTORELEASING = YES;
				CLANG_WARN_BOOL_CONVERSION = YES;
				CLANG_WARN_COMMA = YES;
				CLANG_WARN_CONSTANT_CONVERSION = YES;
				CLANG_WARN_DEPRECATED_OBJC_IMPLEMENTATIONS = YES;
				CLANG_WARN_DIRECT_OBJC_ISA_USAGE = YES_ERROR;
				CLANG_WARN_DOCUMENTATION_COMMENTS = YES;
				CLANG_WARN_EMPTY_BODY = YES;
				CLANG_WARN_ENUM_CONVERSION = YES;
				CLANG_WARN_INFINITE_RECURSION = YES;
				CLANG_WARN_INT_CONVERSION = YES;
				CLANG_WARN_NON_LITERAL_NULL_CONVERSION = YES;
				CLANG_WARN_OBJC_IMPLICIT_RETAIN_SELF = YES;
				CLANG_WARN_OBJC_LITERAL_CONVERSION = YES;
				CLANG_WARN_OBJC_ROOT_CLASS = YES_ERROR;
				CLANG_WARN_QUOTED_INCLUDE_IN_FRAMEWORK_HEADER = YES;
				CLANG_WARN_RANGE_LOOP_ANALYSIS = YES;
				CLANG_WARN_STRICT_PROTOTYPES = YES;
				CLANG_WARN_SUSPICIOUS_MOVE = YES;
				CLANG_WARN_UNGUARDED_AVAILABILITY = YES_AGGRESSIVE;
				CLANG_WARN_UNREACHABLE_CODE = YES;
				CLANG_WARN__DUPLICATE_METHOD_MATCH = YES;
				COPY_PHASE_STRIP = NO;
				DEAD_CODE_STRIPPING = YES;
				DEBUG_INFORMATION_FORMAT = dwarf;
				ENABLE_STRICT_OBJC_MSGSEND = YES;
				ENABLE_TESTABILITY = YES;
				ENABLE_USER_SCRIPT_SANDBOXING = YES;
				GCC_C_LANGUAGE_STANDARD = gnu17;
				GCC_DYNAMIC_NO_PIC = NO;
				GCC_NO_COMMON_BLOCKS = YES;
				GCC_OPTIMIZATION_LEVEL = 0;
				GCC_PREPROCESSOR_DEFINITIONS = (
					"DEBUG=1",
					"$(inherited)",
				);
				GCC_WARN_64_TO_32_BIT_CONVERSION = YES;
				GCC_WARN_ABOUT_RETURN_TYPE = YES_ERROR;
				GCC_WARN_UNDECLARED_SELECTOR = YES;
				GCC_WARN_UNINITIALIZED_AUTOS = YES_AGGRESSIVE;
				GCC_WARN_UNUSED_FUNCTION = YES;
				GCC_WARN_UNUSED_VARIABLE = YES;
				LOCALIZATION_PREFERS_STRING_CATALOGS = YES;
				MACOSX_DEPLOYMENT_TARGET = 14.0;
				MTL_ENABLE_DEBUG_INFO = INCLUDE_SOURCE;
				MTL_FAST_MATH = YES;
				ONLY_ACTIVE_ARCH = YES;
				SDKROOT = macosx;
				SWIFT_ACTIVE_COMPILATION_CONDITIONS = "DEBUG $(inherited)";
				SWIFT_OPTIMIZATION_LEVEL = "-Onone";
			};
			name = Debug;
		};
		1D6D713A2C6D6B0400E3129A /* Release */ = {
			isa = XCBuildConfiguration;
			buildSettings = {
				ALWAYS_SEARCH_USER_PATHS = NO;
				ASSETCATALOG_COMPILER_GENERATE_SWIFT_ASSET_SYMBOL_EXTENSIONS = YES;
				CLANG_ANALYZER_NONNULL = YES;
				CLANG_ANALYZER_NUMBER_OBJECT_CONVERSION = YES_AGGRESSIVE;
				CLANG_CXX_LANGUAGE_STANDARD = "gnu++20";
				CLANG_ENABLE_MODULES = YES;
				CLANG_ENABLE_OBJC_ARC = YES;
				CLANG_ENABLE_OBJC_WEAK = YES;
				CLANG_WARN_BLOCK_CAPTURE_AUTORELEASING = YES;
				CLANG_WARN_BOOL_CONVERSION = YES;
				CLANG_WARN_COMMA = YES;
				CLANG_WARN_CONSTANT_CONVERSION = YES;
				CLANG_WARN_DEPRECATED_OBJC_IMPLEMENTATIONS = YES;
				CLANG_WARN_DIRECT_OBJC_ISA_USAGE = YES_ERROR;
				CLANG_WARN_DOCUMENTATION_COMMENTS = YES;
				CLANG_WARN_EMPTY_BODY = YES;
				CLANG_WARN_ENUM_CONVERSION = YES;
				CLANG_WARN_INFINITE_RECURSION = YES;
				CLANG_WARN_INT_CONVERSION = YES;
				CLANG_WARN_NON_LITERAL_NULL_CONVERSION = YES;
				CLANG_WARN_OBJC_IMPLICIT_RETAIN_SELF = YES;
				CLANG_WARN_OBJC_LITERAL_CONVERSION = YES;
				CLANG_WARN_OBJC_ROOT_CLASS = YES_ERROR;
				CLANG_WARN_QUOTED_INCLUDE_IN_FRAMEWORK_HEADER = YES;
				CLANG_WARN_RANGE_LOOP_ANALYSIS = YES;
				CLANG_WARN_STRICT_PROTOTYPES = YES;
				CLANG_WARN_SUSPICIOUS_MOVE = YES;
				CLANG_WARN_UNGUARDED_AVAILABILITY = YES_AGGRESSIVE;
				CLANG_WARN_UNREACHABLE_CODE = YES;
				CLANG_WARN__DUPLICATE_METHOD_MATCH = YES;
				COPY_PHASE_STRIP = NO;
				DEAD_CODE_STRIPPING = YES;
				DEBUG_INFORMATION_FORMAT = "dwarf-with-dsym";
				ENABLE_NS_ASSERTIONS = NO;
				ENABLE_STRICT_OBJC_MSGSEND = YES;
				ENABLE_USER_SCRIPT_SANDBOXING = YES;
				GCC_C_LANGUAGE_STANDARD = gnu17;
				GCC_NO_COMMON_BLOCKS = YES;
				GCC_WARN_64_TO_32_BIT_CONVERSION = YES;
				GCC_WARN_ABOUT_RETURN_TYPE = YES_ERROR;
				GCC_WARN_UNDECLARED_SELECTOR = YES;
				GCC_WARN_UNINITIALIZED_AUTOS = YES_AGGRESSIVE;
				GCC_WARN_UNUSED_FUNCTION = YES;
				GCC_WARN_UNUSED_VARIABLE = YES;
				LOCALIZATION_PREFERS_STRING_CATALOGS = YES;
				MACOSX_DEPLOYMENT_TARGET = 14.0;
				MTL_ENABLE_DEBUG_INFO = NO;
				MTL_FAST_MATH = YES;
				SDKROOT = macosx;
				SWIFT_COMPILATION_MODE = wholemodule;
			};
			name = Release;
		};
		1D6D713C2C6D6B0400E3129A /* Debug */ = {
			isa = XCBuildConfiguration;
			buildSettings = {
				ASSETCATALOG_COMPILER_APPICON_NAME = AppIcon;
				ASSETCATALOG_COMPILER_GLOBAL_ACCENT_COLOR_NAME = AccentColor;
				CODE_SIGN_ENTITLEMENTS = Quakes/Quakes.entitlements;
				CODE_SIGN_STYLE = Automatic;
				COMBINE_HIDPI_IMAGES = YES;
				CURRENT_PROJECT_VERSION = 1;
				DEAD_CODE_STRIPPING = YES;
				DEVELOPMENT_ASSET_PATHS = "";
				ENABLE_HARDENED_RUNTIME = YES;
				ENABLE_PREVIEWS = YES;
				GENERATE_INFOPLIST_FILE = YES;
				INFOPLIST_KEY_NSHumanReadableCopyright = "";
				LD_RUNPATH_SEARCH_PATHS = (
					"$(inherited)",
					"@executable_path/../Frameworks",
				);
				MARKETING_VERSION = 1.0;
				PRODUCT_BUNDLE_IDENTIFIER = com.northbronson.Quakes;
				PRODUCT_NAME = "$(TARGET_NAME)";
				SWIFT_EMIT_LOC_STRINGS = YES;
				SWIFT_VERSION = 6.0;
			};
			name = Debug;
		};
		1D6D713D2C6D6B0400E3129A /* Release */ = {
			isa = XCBuildConfiguration;
			buildSettings = {
				ASSETCATALOG_COMPILER_APPICON_NAME = AppIcon;
				ASSETCATALOG_COMPILER_GLOBAL_ACCENT_COLOR_NAME = AccentColor;
				CODE_SIGN_ENTITLEMENTS = Quakes/Quakes.entitlements;
				CODE_SIGN_STYLE = Automatic;
				COMBINE_HIDPI_IMAGES = YES;
				CURRENT_PROJECT_VERSION = 1;
				DEAD_CODE_STRIPPING = YES;
				DEVELOPMENT_ASSET_PATHS = "";
				ENABLE_HARDENED_RUNTIME = YES;
				ENABLE_PREVIEWS = YES;
				GENERATE_INFOPLIST_FILE = YES;
				INFOPLIST_KEY_NSHumanReadableCopyright = "";
				LD_RUNPATH_SEARCH_PATHS = (
					"$(inherited)",
					"@executable_path/../Frameworks",
				);
				MARKETING_VERSION = 1.0;
				PRODUCT_BUNDLE_IDENTIFIER = com.northbronson.Quakes;
				PRODUCT_NAME = "$(TARGET_NAME)";
				SWIFT_EMIT_LOC_STRINGS = YES;
				SWIFT_VERSION = 6.0;
			};
			name = Release;
		};
/* End XCBuildConfiguration section */

/* Begin XCConfigurationList section */
		1D6D71272C6D6B0300E3129A /* Build configuration list for PBXProject "Quakes" */ = {
			isa = XCConfigurationList;
			buildConfigurations = (
				1D6D71392C6D6B0400E3129A /* Debug */,
				1D6D713A2C6D6B0400E3129A /* Release */,
			);
			defaultConfigurationIsVisible = 0;
			defaultConfigurationName = Release;
		};
		1D6D713B2C6D6B0400E3129A /* Build configuration list for PBXNativeTarget "Quakes" */ = {
			isa = XCConfigurationList;
			buildConfigurations = (
				1D6D713C2C6D6B0400E3129A /* Debug */,
				1D6D713D2C6D6B0400E3129A /* Release */,
			);
			defaultConfigurationIsVisible = 0;
			defaultConfigurationName = Release;
		};
/* End XCConfigurationList section */

/* Begin XCLocalSwiftPackageReference section */
		1DCA65D12C6D91C500BCDE08 /* XCLocalSwiftPackageReference "../ImmutableData" */ = {
			isa = XCLocalSwiftPackageReference;
			relativePath = ../ImmutableData;
		};
		1DCA65D42C6D91CD00BCDE08 /* XCLocalSwiftPackageReference "../ImmutableUI" */ = {
			isa = XCLocalSwiftPackageReference;
			relativePath = ../ImmutableUI;
		};
		1DCA65D72C6D91D700BCDE08 /* XCLocalSwiftPackageReference "../QuakesData" */ = {
			isa = XCLocalSwiftPackageReference;
			relativePath = ../QuakesData;
		};
		1DCA65DA2C6D91ED00BCDE08 /* XCLocalSwiftPackageReference "../QuakesUI" */ = {
			isa = XCLocalSwiftPackageReference;
			relativePath = ../QuakesUI;
		};
		1DCA65DD2C6D91FE00BCDE08 /* XCLocalSwiftPackageReference "../Services" */ = {
			isa = XCLocalSwiftPackageReference;
			relativePath = ../Services;
		};
/* End XCLocalSwiftPackageReference section */

/* Begin XCSwiftPackageProductDependency section */
		1DCA65D22C6D91C500BCDE08 /* ImmutableData */ = {
			isa = XCSwiftPackageProductDependency;
			productName = ImmutableData;
		};
		1DCA65D52C6D91CD00BCDE08 /* ImmutableUI */ = {
			isa = XCSwiftPackageProductDependency;
			productName = ImmutableUI;
		};
		1DCA65D82C6D91D700BCDE08 /* QuakesData */ = {
			isa = XCSwiftPackageProductDependency;
			productName = QuakesData;
		};
		1DCA65DB2C6D91ED00BCDE08 /* QuakesUI */ = {
			isa = XCSwiftPackageProductDependency;
			productName = QuakesUI;
		};
		1DCA65DE2C6D91FE00BCDE08 /* Services */ = {
			isa = XCSwiftPackageProductDependency;
			productName = Services;
		};
/* End XCSwiftPackageProductDependency section */
	};
	rootObject = 1D6D71242C6D6B0300E3129A /* Project object */;
}
